
Microsoft Visual Studio Solution File, Format Version 12.00
# Visual Studio 14
VisualStudioVersion = 14.0.25420.1
MinimumVisualStudioVersion = 10.0.40219.1
Project("{FAE04EC0-301F-11D3-BF4B-00C04F79EFBC}") = "Momentum.Droid", "Momentum\Momentum.Droid\Momentum.Droid.csproj", "{DD7CE496-E049-4D26-BC1E-B9D50BC6FE0A}"
EndProject
Project("{FAE04EC0-301F-11D3-BF4B-00C04F79EFBC}") = "Momentum.iOS", "Momentum\Momentum.iOS\Momentum.iOS.csproj", "{73F99D77-BB26-4E6B-B34B-B21F7154E33E}"
EndProject
Project("{FAE04EC0-301F-11D3-BF4B-00C04F79EFBC}") = "Momentum", "Momentum\Momentum\Momentum.csproj", "{B8486C8E-84F9-4F33-B327-EDD0BAB418CF}"
EndProject
Global
	GlobalSection(SolutionConfigurationPlatforms) = preSolution
		Ad-Hoc|Any CPU = Ad-Hoc|Any CPU
		Ad-Hoc|ARM = Ad-Hoc|ARM
		Ad-Hoc|iPhone = Ad-Hoc|iPhone
		Ad-Hoc|iPhoneSimulator = Ad-Hoc|iPhoneSimulator
		Ad-Hoc|x86 = Ad-Hoc|x86
		AppStore|Any CPU = AppStore|Any CPU
		AppStore|ARM = AppStore|ARM
		AppStore|iPhone = AppStore|iPhone
		AppStore|iPhoneSimulator = AppStore|iPhoneSimulator
		AppStore|x86 = AppStore|x86
		Debug|Any CPU = Debug|Any CPU
		Debug|ARM = Debug|ARM
		Debug|iPhone = Debug|iPhone
		Debug|iPhoneSimulator = Debug|iPhoneSimulator
		Debug|x86 = Debug|x86
		Release|Any CPU = Release|Any CPU
		Release|ARM = Release|ARM
		Release|iPhone = Release|iPhone
		Release|iPhoneSimulator = Release|iPhoneSimulator
		Release|x86 = Release|x86
	EndGlobalSection
	GlobalSection(ProjectConfigurationPlatforms) = postSolution
		{DD7CE496-E049-4D26-BC1E-B9D50BC6FE0A}.Ad-Hoc|Any CPU.ActiveCfg = Release|Any CPU
		{DD7CE496-E049-4D26-BC1E-B9D50BC6FE0A}.Ad-Hoc|Any CPU.Build.0 = Release|Any CPU
		{DD7CE496-E049-4D26-BC1E-B9D50BC6FE0A}.Ad-Hoc|Any CPU.Deploy.0 = Release|Any CPU
		{DD7CE496-E049-4D26-BC1E-B9D50BC6FE0A}.Ad-Hoc|ARM.ActiveCfg = Release|Any CPU
		{DD7CE496-E049-4D26-BC1E-B9D50BC6FE0A}.Ad-Hoc|ARM.Build.0 = Release|Any CPU
		{DD7CE496-E049-4D26-BC1E-B9D50BC6FE0A}.Ad-Hoc|ARM.Deploy.0 = Release|Any CPU
		{DD7CE496-E049-4D26-BC1E-B9D50BC6FE0A}.Ad-Hoc|iPhone.ActiveCfg = Release|Any CPU
		{DD7CE496-E049-4D26-BC1E-B9D50BC6FE0A}.Ad-Hoc|iPhone.Build.0 = Release|Any CPU
		{DD7CE496-E049-4D26-BC1E-B9D50BC6FE0A}.Ad-Hoc|iPhone.Deploy.0 = Release|Any CPU
		{DD7CE496-E049-4D26-BC1E-B9D50BC6FE0A}.Ad-Hoc|iPhoneSimulator.ActiveCfg = Release|Any CPU
		{DD7CE496-E049-4D26-BC1E-B9D50BC6FE0A}.Ad-Hoc|iPhoneSimulator.Build.0 = Release|Any CPU
		{DD7CE496-E049-4D26-BC1E-B9D50BC6FE0A}.Ad-Hoc|iPhoneSimulator.Deploy.0 = Release|Any CPU
		{DD7CE496-E049-4D26-BC1E-B9D50BC6FE0A}.Ad-Hoc|x86.ActiveCfg = Release|Any CPU
		{DD7CE496-E049-4D26-BC1E-B9D50BC6FE0A}.Ad-Hoc|x86.Build.0 = Release|Any CPU
		{DD7CE496-E049-4D26-BC1E-B9D50BC6FE0A}.Ad-Hoc|x86.Deploy.0 = Release|Any CPU
		{DD7CE496-E049-4D26-BC1E-B9D50BC6FE0A}.AppStore|Any CPU.ActiveCfg = Release|Any CPU
		{DD7CE496-E049-4D26-BC1E-B9D50BC6FE0A}.AppStore|Any CPU.Build.0 = Release|Any CPU
		{DD7CE496-E049-4D26-BC1E-B9D50BC6FE0A}.AppStore|Any CPU.Deploy.0 = Release|Any CPU
		{DD7CE496-E049-4D26-BC1E-B9D50BC6FE0A}.AppStore|ARM.ActiveCfg = Release|Any CPU
		{DD7CE496-E049-4D26-BC1E-B9D50BC6FE0A}.AppStore|ARM.Build.0 = Release|Any CPU
		{DD7CE496-E049-4D26-BC1E-B9D50BC6FE0A}.AppStore|ARM.Deploy.0 = Release|Any CPU
		{DD7CE496-E049-4D26-BC1E-B9D50BC6FE0A}.AppStore|iPhone.ActiveCfg = Release|Any CPU
		{DD7CE496-E049-4D26-BC1E-B9D50BC6FE0A}.AppStore|iPhone.Build.0 = Release|Any CPU
		{DD7CE496-E049-4D26-BC1E-B9D50BC6FE0A}.AppStore|iPhone.Deploy.0 = Release|Any CPU
		{DD7CE496-E049-4D26-BC1E-B9D50BC6FE0A}.AppStore|iPhoneSimulator.ActiveCfg = Release|Any CPU
		{DD7CE496-E049-4D26-BC1E-B9D50BC6FE0A}.AppStore|iPhoneSimulator.Build.0 = Release|Any CPU
		{DD7CE496-E049-4D26-BC1E-B9D50BC6FE0A}.AppStore|iPhoneSimulator.Deploy.0 = Release|Any CPU
		{DD7CE496-E049-4D26-BC1E-B9D50BC6FE0A}.AppStore|x86.ActiveCfg = Release|Any CPU
		{DD7CE496-E049-4D26-BC1E-B9D50BC6FE0A}.AppStore|x86.Build.0 = Release|Any CPU
		{DD7CE496-E049-4D26-BC1E-B9D50BC6FE0A}.AppStore|x86.Deploy.0 = Release|Any CPU
		{DD7CE496-E049-4D26-BC1E-B9D50BC6FE0A}.Debug|Any CPU.ActiveCfg = Debug|Any CPU
		{DD7CE496-E049-4D26-BC1E-B9D50BC6FE0A}.Debug|Any CPU.Build.0 = Debug|Any CPU
		{DD7CE496-E049-4D26-BC1E-B9D50BC6FE0A}.Debug|Any CPU.Deploy.0 = Debug|Any CPU
		{DD7CE496-E049-4D26-BC1E-B9D50BC6FE0A}.Debug|ARM.ActiveCfg = Debug|Any CPU
		{DD7CE496-E049-4D26-BC1E-B9D50BC6FE0A}.Debug|ARM.Build.0 = Debug|Any CPU
		{DD7CE496-E049-4D26-BC1E-B9D50BC6FE0A}.Debug|ARM.Deploy.0 = Debug|Any CPU
		{DD7CE496-E049-4D26-BC1E-B9D50BC6FE0A}.Debug|iPhone.ActiveCfg = Debug|Any CPU
		{DD7CE496-E049-4D26-BC1E-B9D50BC6FE0A}.Debug|iPhone.Build.0 = Debug|Any CPU
		{DD7CE496-E049-4D26-BC1E-B9D50BC6FE0A}.Debug|iPhone.Deploy.0 = Debug|Any CPU
		{DD7CE496-E049-4D26-BC1E-B9D50BC6FE0A}.Debug|iPhoneSimulator.ActiveCfg = Debug|Any CPU
		{DD7CE496-E049-4D26-BC1E-B9D50BC6FE0A}.Debug|iPhoneSimulator.Build.0 = Debug|Any CPU
		{DD7CE496-E049-4D26-BC1E-B9D50BC6FE0A}.Debug|iPhoneSimulator.Deploy.0 = Debug|Any CPU
		{DD7CE496-E049-4D26-BC1E-B9D50BC6FE0A}.Debug|x86.ActiveCfg = Debug|Any CPU
		{DD7CE496-E049-4D26-BC1E-B9D50BC6FE0A}.Debug|x86.Build.0 = Debug|Any CPU
		{DD7CE496-E049-4D26-BC1E-B9D50BC6FE0A}.Debug|x86.Deploy.0 = Debug|Any CPU
		{DD7CE496-E049-4D26-BC1E-B9D50BC6FE0A}.Release|Any CPU.ActiveCfg = Release|Any CPU
		{DD7CE496-E049-4D26-BC1E-B9D50BC6FE0A}.Release|Any CPU.Build.0 = Release|Any CPU
		{DD7CE496-E049-4D26-BC1E-B9D50BC6FE0A}.Release|Any CPU.Deploy.0 = Release|Any CPU
		{DD7CE496-E049-4D26-BC1E-B9D50BC6FE0A}.Release|ARM.ActiveCfg = Release|Any CPU
		{DD7CE496-E049-4D26-BC1E-B9D50BC6FE0A}.Release|ARM.Build.0 = Release|Any CPU
		{DD7CE496-E049-4D26-BC1E-B9D50BC6FE0A}.Release|ARM.Deploy.0 = Release|Any CPU
		{DD7CE496-E049-4D26-BC1E-B9D50BC6FE0A}.Release|iPhone.ActiveCfg = Release|Any CPU
		{DD7CE496-E049-4D26-BC1E-B9D50BC6FE0A}.Release|iPhone.Build.0 = Release|Any CPU
		{DD7CE496-E049-4D26-BC1E-B9D50BC6FE0A}.Release|iPhone.Deploy.0 = Release|Any CPU
		{DD7CE496-E049-4D26-BC1E-B9D50BC6FE0A}.Release|iPhoneSimulator.ActiveCfg = Release|Any CPU
		{DD7CE496-E049-4D26-BC1E-B9D50BC6FE0A}.Release|iPhoneSimulator.Build.0 = Release|Any CPU
		{DD7CE496-E049-4D26-BC1E-B9D50BC6FE0A}.Release|iPhoneSimulator.Deploy.0 = Release|Any CPU
		{DD7CE496-E049-4D26-BC1E-B9D50BC6FE0A}.Release|x86.ActiveCfg = Release|Any CPU
		{DD7CE496-E049-4D26-BC1E-B9D50BC6FE0A}.Release|x86.Build.0 = Release|Any CPU
		{DD7CE496-E049-4D26-BC1E-B9D50BC6FE0A}.Release|x86.Deploy.0 = Release|Any CPU
		{73F99D77-BB26-4E6B-B34B-B21F7154E33E}.Ad-Hoc|Any CPU.ActiveCfg = Ad-Hoc|iPhone
		{73F99D77-BB26-4E6B-B34B-B21F7154E33E}.Ad-Hoc|ARM.ActiveCfg = Ad-Hoc|iPhone
		{73F99D77-BB26-4E6B-B34B-B21F7154E33E}.Ad-Hoc|iPhone.ActiveCfg = Ad-Hoc|iPhone
		{73F99D77-BB26-4E6B-B34B-B21F7154E33E}.Ad-Hoc|iPhone.Build.0 = Ad-Hoc|iPhone
		{73F99D77-BB26-4E6B-B34B-B21F7154E33E}.Ad-Hoc|iPhoneSimulator.ActiveCfg = Ad-Hoc|iPhoneSimulator
		{73F99D77-BB26-4E6B-B34B-B21F7154E33E}.Ad-Hoc|iPhoneSimulator.Build.0 = Ad-Hoc|iPhoneSimulator
		{73F99D77-BB26-4E6B-B34B-B21F7154E33E}.Ad-Hoc|x86.ActiveCfg = Ad-Hoc|iPhone
		{73F99D77-BB26-4E6B-B34B-B21F7154E33E}.AppStore|Any CPU.ActiveCfg = AppStore|iPhone
		{73F99D77-BB26-4E6B-B34B-B21F7154E33E}.AppStore|ARM.ActiveCfg = AppStore|iPhone
		{73F99D77-BB26-4E6B-B34B-B21F7154E33E}.AppStore|iPhone.ActiveCfg = AppStore|iPhone
		{73F99D77-BB26-4E6B-B34B-B21F7154E33E}.AppStore|iPhone.Build.0 = AppStore|iPhone
		{73F99D77-BB26-4E6B-B34B-B21F7154E33E}.AppStore|iPhoneSimulator.ActiveCfg = AppStore|iPhoneSimulator
		{73F99D77-BB26-4E6B-B34B-B21F7154E33E}.AppStore|iPhoneSimulator.Build.0 = AppStore|iPhoneSimulator
		{73F99D77-BB26-4E6B-B34B-B21F7154E33E}.AppStore|x86.ActiveCfg = AppStore|iPhone
		{73F99D77-BB26-4E6B-B34B-B21F7154E33E}.Debug|Any CPU.ActiveCfg = Debug|iPhone
		{73F99D77-BB26-4E6B-B34B-B21F7154E33E}.Debug|ARM.ActiveCfg = Debug|iPhone
		{73F99D77-BB26-4E6B-B34B-B21F7154E33E}.Debug|iPhone.ActiveCfg = Debug|iPhone
		{73F99D77-BB26-4E6B-B34B-B21F7154E33E}.Debug|iPhone.Build.0 = Debug|iPhone
		{73F99D77-BB26-4E6B-B34B-B21F7154E33E}.Debug|iPhoneSimulator.ActiveCfg = Debug|iPhoneSimulator
		{73F99D77-BB26-4E6B-B34B-B21F7154E33E}.Debug|iPhoneSimulator.Build.0 = Debug|iPhoneSimulator
		{73F99D77-BB26-4E6B-B34B-B21F7154E33E}.Debug|x86.ActiveCfg = Debug|iPhone
		{73F99D77-BB26-4E6B-B34B-B21F7154E33E}.Release|Any CPU.ActiveCfg = Release|iPhone
		{73F99D77-BB26-4E6B-B34B-B21F7154E33E}.Release|ARM.ActiveCfg = Release|iPhone
		{73F99D77-BB26-4E6B-B34B-B21F7154E33E}.Release|iPhone.ActiveCfg = Release|iPhone
		{73F99D77-BB26-4E6B-B34B-B21F7154E33E}.Release|iPhone.Build.0 = Release|iPhone
		{73F99D77-BB26-4E6B-B34B-B21F7154E33E}.Release|iPhoneSimulator.ActiveCfg = Release|iPhoneSimulator
		{73F99D77-BB26-4E6B-B34B-B21F7154E33E}.Release|iPhoneSimulator.Build.0 = Release|iPhoneSimulator
		{73F99D77-BB26-4E6B-B34B-B21F7154E33E}.Release|x86.ActiveCfg = Release|iPhone
		{B8486C8E-84F9-4F33-B327-EDD0BAB418CF}.Ad-Hoc|Any CPU.ActiveCfg = Release|Any CPU
		{B8486C8E-84F9-4F33-B327-EDD0BAB418CF}.Ad-Hoc|Any CPU.Build.0 = Release|Any CPU
		{B8486C8E-84F9-4F33-B327-EDD0BAB418CF}.Ad-Hoc|ARM.ActiveCfg = Release|Any CPU
		{B8486C8E-84F9-4F33-B327-EDD0BAB418CF}.Ad-Hoc|ARM.Build.0 = Release|Any CPU
		{B8486C8E-84F9-4F33-B327-EDD0BAB418CF}.Ad-Hoc|iPhone.ActiveCfg = Release|Any CPU
		{B8486C8E-84F9-4F33-B327-EDD0BAB418CF}.Ad-Hoc|iPhone.Build.0 = Release|Any CPU
		{B8486C8E-84F9-4F33-B327-EDD0BAB418CF}.Ad-Hoc|iPhoneSimulator.ActiveCfg = Release|Any CPU
		{B8486C8E-84F9-4F33-B327-EDD0BAB418CF}.Ad-Hoc|iPhoneSimulator.Build.0 = Release|Any CPU
		{B8486C8E-84F9-4F33-B327-EDD0BAB418CF}.Ad-Hoc|x86.ActiveCfg = Release|Any CPU
		{B8486C8E-84F9-4F33-B327-EDD0BAB418CF}.Ad-Hoc|x86.Build.0 = Release|Any CPU
		{B8486C8E-84F9-4F33-B327-EDD0BAB418CF}.AppStore|Any CPU.ActiveCfg = Release|Any CPU
		{B8486C8E-84F9-4F33-B327-EDD0BAB418CF}.AppStore|Any CPU.Build.0 = Release|Any CPU
		{B8486C8E-84F9-4F33-B327-EDD0BAB418CF}.AppStore|ARM.ActiveCfg = Release|Any CPU
		{B8486C8E-84F9-4F33-B327-EDD0BAB418CF}.AppStore|ARM.Build.0 = Release|Any CPU
		{B8486C8E-84F9-4F33-B327-EDD0BAB418CF}.AppStore|iPhone.ActiveCfg = Release|Any CPU
		{B8486C8E-84F9-4F33-B327-EDD0BAB418CF}.AppStore|iPhone.Build.0 = Release|Any CPU
		{B8486C8E-84F9-4F33-B327-EDD0BAB418CF}.AppStore|iPhoneSimulator.ActiveCfg = Release|Any CPU
		{B8486C8E-84F9-4F33-B327-EDD0BAB418CF}.AppStore|iPhoneSimulator.Build.0 = Release|Any CPU
		{B8486C8E-84F9-4F33-B327-EDD0BAB418CF}.AppStore|x86.ActiveCfg = Release|Any CPU
		{B8486C8E-84F9-4F33-B327-EDD0BAB418CF}.AppStore|x86.Build.0 = Release|Any CPU
		{B8486C8E-84F9-4F33-B327-EDD0BAB418CF}.Debug|Any CPU.ActiveCfg = Debug|Any CPU
		{B8486C8E-84F9-4F33-B327-EDD0BAB418CF}.Debug|Any CPU.Build.0 = Debug|Any CPU
		{B8486C8E-84F9-4F33-B327-EDD0BAB418CF}.Debug|ARM.ActiveCfg = Debug|Any CPU
		{B8486C8E-84F9-4F33-B327-EDD0BAB418CF}.Debug|ARM.Build.0 = Debug|Any CPU
		{B8486C8E-84F9-4F33-B327-EDD0BAB418CF}.Debug|iPhone.ActiveCfg = Debug|Any CPU
		{B8486C8E-84F9-4F33-B327-EDD0BAB418CF}.Debug|iPhone.Build.0 = Debug|Any CPU
		{B8486C8E-84F9-4F33-B327-EDD0BAB418CF}.Debug|iPhoneSimulator.ActiveCfg = Debug|Any CPU
		{B8486C8E-84F9-4F33-B327-EDD0BAB418CF}.Debug|iPhoneSimulator.Build.0 = Debug|Any CPU
		{B8486C8E-84F9-4F33-B327-EDD0BAB418CF}.Debug|x86.ActiveCfg = Debug|Any CPU
		{B8486C8E-84F9-4F33-B327-EDD0BAB418CF}.Debug|x86.Build.0 = Debug|Any CPU
		{B8486C8E-84F9-4F33-B327-EDD0BAB418CF}.Release|Any CPU.ActiveCfg = Release|Any CPU
		{B8486C8E-84F9-4F33-B327-EDD0BAB418CF}.Release|Any CPU.Build.0 = Release|Any CPU
		{B8486C8E-84F9-4F33-B327-EDD0BAB418CF}.Release|ARM.ActiveCfg = Release|Any CPU
		{B8486C8E-84F9-4F33-B327-EDD0BAB418CF}.Release|ARM.Build.0 = Release|Any CPU
		{B8486C8E-84F9-4F33-B327-EDD0BAB418CF}.Release|iPhone.ActiveCfg = Release|Any CPU
		{B8486C8E-84F9-4F33-B327-EDD0BAB418CF}.Release|iPhone.Build.0 = Release|Any CPU
		{B8486C8E-84F9-4F33-B327-EDD0BAB418CF}.Release|iPhoneSimulator.ActiveCfg = Release|Any CPU
		{B8486C8E-84F9-4F33-B327-EDD0BAB418CF}.Release|iPhoneSimulator.Build.0 = Release|Any CPU
		{B8486C8E-84F9-4F33-B327-EDD0BAB418CF}.Release|x86.ActiveCfg = Release|Any CPU
		{B8486C8E-84F9-4F33-B327-EDD0BAB418CF}.Release|x86.Build.0 = Release|Any CPU
	EndGlobalSection
	GlobalSection(SolutionProperties) = preSolution
		HideSolutionNode = FALSE
	EndGlobalSection
EndGlobal
